
Microsoft Visual Studio Solution File, Format Version 12.00
# Visual Studio Version 17
VisualStudioVersion = 17.9.34607.119
MinimumVisualStudioVersion = 10.0.40219.1
Project("{FAE04EC0-301F-11D3-BF4B-00C04F79EFBC}") = "DiscordBotTemplate", "DiscordBotTemplate\DiscordBotTemplate.csproj", "{39B18EF8-031E-4590-AA7D-07094FA1FFEE}"
EndProject
Global
	GlobalSection(SolutionConfigurationPlatforms) = preSolution
		Debug|Any CPU = Debug|Any CPU
		Release|Any CPU = Release|Any CPU
	EndGlobalSection
	GlobalSection(ProjectConfigurationPlatforms) = postSolution
		{39B18EF8-031E-4590-AA7D-07094FA1FFEE}.Debug|Any CPU.ActiveCfg = Debug|Any CPU
		{39B18EF8-031E-4590-AA7D-07094FA1FFEE}.Debug|Any CPU.Build.0 = Debug|Any CPU
		{39B18EF8-031E-4590-AA7D-07094FA1FFEE}.Release|Any CPU.ActiveCfg = Release|Any CPU
		{39B18EF8-031E-4590-AA7D-07094FA1FFEE}.Release|Any CPU.Build.0 = Release|Any CPU
	EndGlobalSection
	GlobalSection(SolutionProperties) = preSolution
		HideSolutionNode = FALSE
	EndGlobalSection
	GlobalSection(ExtensibilityGlobals) = postSolution
		SolutionGuid = {19FACD81-4863-412B-B849-8A064659ED11}
	EndGlobalSection
EndGlobal
